
Microsoft Visual Studio Solution File, Format Version 12.00
# Visual Studio Version 18
VisualStudioVersion = 18.0.11222.15
MinimumVisualStudioVersion = 10.0.40219.1
Project("{8BC9CEB8-8B4A-11D0-8D11-00A0C91BC942}") = "CypherPeak", "CypherPeak\CypherPeak.vcxproj", "{A074E1B5-58B6-4CAA-B0B7-97AB5C501E18}"
EndProject
Project("{2150E333-8FDC-42A3-9474-1A3956D46DE8}") = "Solution Items", "Solution Items", "{C2214715-B626-4B4D-B5C7-118E3BEB1052}"
EndProject
Global
	GlobalSection(SolutionConfigurationPlatforms) = preSolution
		Debug|x64 = Debug|x64
		Debug|x86 = Debug|x86
		Release|x64 = Release|x64
		Release|x86 = Release|x86
	EndGlobalSection
	GlobalSection(ProjectConfigurationPlatforms) = postSolution
		{A074E1B5-58B6-4CAA-B0B7-97AB5C501E18}.Debug|x64.ActiveCfg = Debug|x64
		{A074E1B5-58B6-4CAA-B0B7-97AB5C501E18}.Debug|x64.Build.0 = Debug|x64
		{A074E1B5-58B6-4CAA-B0B7-97AB5C501E18}.Debug|x86.ActiveCfg = Debug|Win32
		{A074E1B5-58B6-4CAA-B0B7-97AB5C501E18}.Debug|x86.Build.0 = Debug|Win32
		{A074E1B5-58B6-4CAA-B0B7-97AB5C501E18}.Release|x64.ActiveCfg = Release|x64
		{A074E1B5-58B6-4CAA-B0B7-97AB5C501E18}.Release|x64.Build.0 = Release|x64
		{A074E1B5-58B6-4CAA-B0B7-97AB5C501E18}.Release|x86.ActiveCfg = Release|Win32
		{A074E1B5-58B6-4CAA-B0B7-97AB5C501E18}.Release|x86.Build.0 = Release|Win32
	EndGlobalSection
	GlobalSection(SolutionProperties) = preSolution
		HideSolutionNode = FALSE
	EndGlobalSection
	GlobalSection(ExtensibilityGlobals) = postSolution
		SolutionGuid = {6439381A-5524-444F-895F-320094799207}
	EndGlobalSection
EndGlobal
